{
  "nodes": {
    "comma": {
      "flake": false,
      "locked": {
        "lastModified": 1680733215,
        "narHash": "sha256-5HNH/Lqj8OU/piH3tvPRkINXHHkt6bRp0QYYR4xOybE=",
        "owner": "nix-community",
        "repo": "comma",
        "rev": "ef97634016d17cc8cdea396ebcc002320494391a",
        "type": "github"
      },
      "original": {
        "owner": "nix-community",
        "repo": "comma",
        "type": "github"
      }
    },
    "darwin": {
      "inputs": {
        "nixpkgs": [
          "nixpkgs-unstable"
        ]
      },
      "locked": {
        "lastModified": 1681154394,
        "narHash": "sha256-avnu1K9AuouygBiwVKuDp6emiTET43az3rcpv0ctLjc=",
        "owner": "lnl7",
        "repo": "nix-darwin",
        "rev": "025912529dd0b31dead95519e944ea05f1ad56f2",
        "type": "github"
      },
      "original": {
        "owner": "lnl7",
        "ref": "master",
        "repo": "nix-darwin",
        "type": "github"
      }
    },
    "home-manager": {
      "inputs": {
        "nixpkgs": [
          "nixpkgs-unstable"
        ],
        "utils": "utils"
      },
      "locked": {
        "lastModified": 1681250798,
        "narHash": "sha256-fQMROyKzPFBPqJy9J4ffywm02ZuqAI0GW1O1QibVpdQ=",
        "owner": "nix-community",
        "repo": "home-manager",
        "rev": "28698126bd825aff21cae9ffd15cf83e169051b0",
        "type": "github"
      },
      "original": {
        "owner": "nix-community",
        "repo": "home-manager",
        "type": "github"
      }
    },
    "nixpkgs": {
      "locked": {
        "lastModified": 1672580127,
        "narHash": "sha256-3lW3xZslREhJogoOkjeZtlBtvFMyxHku7I/9IVehhT8=",
        "owner": "nixos",
        "repo": "nixpkgs",
        "rev": "0874168639713f547c05947c76124f78441ea46c",
        "type": "github"
      },
      "original": {
        "owner": "nixos",
        "ref": "nixpkgs-22.05-darwin",
        "repo": "nixpkgs",
        "type": "github"
      }
    },
    "nixpkgs-unstable": {
      "locked": {
        "lastModified": 1681272286,
        "narHash": "sha256-9X5p+gwYrowgbsRgkf14HFI0fkr6UikuwRIQAMlF1yI=",
        "owner": "NixOS",
        "repo": "nixpkgs",
        "rev": "6b70761ea8c896aff8994eb367d9526686501860",
        "type": "github"
      },
      "original": {
        "owner": "NixOS",
        "ref": "nixpkgs-unstable",
        "repo": "nixpkgs",
        "type": "github"
      }
    },
    "root": {
      "inputs": {
        "comma": "comma",
        "darwin": "darwin",
        "home-manager": "home-manager",
        "nixpkgs": "nixpkgs",
        "nixpkgs-unstable": "nixpkgs-unstable"
      }
    },
    "utils": {
      "locked": {
        "lastModified": 1678901627,
        "narHash": "sha256-U02riOqrKKzwjsxc/400XnElV+UtPUQWpANPlyazjH0=",
        "owner": "numtide",
        "repo": "flake-utils",
        "rev": "93a2b84fc4b70d9e089d029deacc3583435c2ed6",
        "type": "github"
      },
      "original": {
        "owner": "numtide",
        "repo": "flake-utils",
        "type": "github"
      }
    }
  },
  "root": "root",
  "version": 7
}
